{
  "pins" : [
    {
      "identity" : "tuganedesign",
      "kind" : "localSourceControl",
      "location" : "https://github.com/tugane/TuganeDesign.git",
      "state" : {
        "revision" : "452ec100a752dbd21c6ecf260b3ef72552fb0b64",
        "version" : "0.1.0"
      }
    }
  ],
  "version" : 2
}
