{
  "pins" : [
    {
      "identity" : "tuganedesign",
      "kind" : "remoteSourceControl",
      "location" : "https://github.com/tugane/TuganeDesign.git",
      "state" : {
        "revision" : "fe277011a160cf3b5e25ae31a296873dd41bcea0",
        "version" : "0.1.2"
      }
    }
  ],
  "version" : 2
}
