{
  "pins" : [
    {
      "identity" : "tuganedesign",
      "kind" : "remoteSourceControl",
      "location" : "https://github.com/tugane/TuganeDesign.git",
      "state" : {
        "revision" : "643b993f2aa034a080cb7a65d603cde76b7b69e2",
        "version" : "0.1.1"
      }
    }
  ],
  "version" : 2
}
